<?xml version="1.0" encoding="utf-8"?>
<Project ToolsVersion="16.0" xmlns="http://schemas.microsoft.com/developer/msbuild/2003">
  <ItemGroup>
    <ClCompile Include="A:\NNImplementation\NN\src\Batch.cpp">
      <Filter>Source Files</Filter>
    </ClCompile>
    <ClCompile Include="A:\NNImplementation\NN\src\Layer.cpp">
      <Filter>Source Files</Filter>
    </ClCompile>
    <ClCompile Include="A:\NNImplementation\NN\src\NeuralNetwork.cpp">
      <Filter>Source Files</Filter>
    </ClCompile>
    <ClCompile Include="A:\NNImplementation\NN\src\OpenCLWrapper.cpp">
      <Filter>Source Files</Filter>
    </ClCompile>
  </ItemGroup>
  <ItemGroup>
    <ClInclude Include="A:\NNImplementation\NN\src\include\AllLayers.h">
      <Filter>Header Files</Filter>
    </ClInclude>
    <ClInclude Include="A:\NNImplementation\NN\src\include\Batch.h">
      <Filter>Header Files</Filter>
    </ClInclude>
    <ClInclude Include="A:\NNImplementation\NN\src\include\ConvLayer.h">
      <Filter>Header Files</Filter>
    </ClInclude>
    <ClInclude Include="A:\NNImplementation\NN\src\include\Core.h">
      <Filter>Header Files</Filter>
    </ClInclude>
    <ClInclude Include="A:\NNImplementation\NN\src\include\Layer.h">
      <Filter>Header Files</Filter>
    </ClInclude>
    <ClInclude Include="A:\NNImplementation\NN\src\include\MaxPoolLayer.h">
      <Filter>Header Files</Filter>
    </ClInclude>
    <ClInclude Include="A:\NNImplementation\NN\src\include\NeuralNetwork.h">
      <Filter>Header Files</Filter>
    </ClInclude>
    <ClInclude Include="A:\NNImplementation\NN\src\include\OpenCLWrapper.h">
      <Filter>Header Files</Filter>
    </ClInclude>
    <ClInclude Include="A:\NNImplementation\NN\src\include\RouteLayer.h">
      <Filter>Header Files</Filter>
    </ClInclude>
    <ClInclude Include="A:\NNImplementation\NN\src\include\ShortcutLayer.h">
      <Filter>Header Files</Filter>
    </ClInclude>
    <ClInclude Include="A:\NNImplementation\NN\src\include\Upsamplelayer.h">
      <Filter>Header Files</Filter>
    </ClInclude>
    <ClInclude Include="A:\NNImplementation\NN\src\include\YOLOLayer.h">
      <Filter>Header Files</Filter>
    </ClInclude>
  </ItemGroup>
  <ItemGroup>
    <CustomBuild Include="A:\NNImplementation\NN\CMakeLists.txt" />
  </ItemGroup>
  <ItemGroup>
    <Filter Include="Header Files">
      <UniqueIdentifier>{D3244DCC-BED1-30C7-8650-1A615BA6986B}</UniqueIdentifier>
    </Filter>
    <Filter Include="Source Files">
      <UniqueIdentifier>{20EDE07D-C95D-3CAA-A52B-CC47D9C0CD07}</UniqueIdentifier>
    </Filter>
  </ItemGroup>
</Project>
